
Microsoft Visual Studio Solution File, Format Version 12.00
# Visual Studio Version 17
VisualStudioVersion = 17.2.32519.379
MinimumVisualStudioVersion = 10.0.40219.1
Project("{9A19103F-16F7-4668-BE54-9A1E7A4F7556}") = "DeskBooking.Api", "DeskBooking.Api\DeskBooking.Api.csproj", "{D90EABB4-2FE2-46E8-914A-319E6F155B6D}"
EndProject
Project("{00D1A9C2-B5F0-4AF3-8072-F6C62B433612}") = "DeskBooking.Data", "DeskBooking.Data\DeskBooking.Data.sqlproj", "{A3820DD5-CBDA-42A8-A52F-E121C336E2C7}"
EndProject
Global
	GlobalSection(SolutionConfigurationPlatforms) = preSolution
		Debug|Any CPU = Debug|Any CPU
		Release|Any CPU = Release|Any CPU
	EndGlobalSection
	GlobalSection(ProjectConfigurationPlatforms) = postSolution
		{D90EABB4-2FE2-46E8-914A-319E6F155B6D}.Debug|Any CPU.ActiveCfg = Debug|Any CPU
		{D90EABB4-2FE2-46E8-914A-319E6F155B6D}.Debug|Any CPU.Build.0 = Debug|Any CPU
		{D90EABB4-2FE2-46E8-914A-319E6F155B6D}.Release|Any CPU.ActiveCfg = Release|Any CPU
		{D90EABB4-2FE2-46E8-914A-319E6F155B6D}.Release|Any CPU.Build.0 = Release|Any CPU
		{A3820DD5-CBDA-42A8-A52F-E121C336E2C7}.Debug|Any CPU.ActiveCfg = Debug|Any CPU
		{A3820DD5-CBDA-42A8-A52F-E121C336E2C7}.Debug|Any CPU.Build.0 = Debug|Any CPU
		{A3820DD5-CBDA-42A8-A52F-E121C336E2C7}.Debug|Any CPU.Deploy.0 = Debug|Any CPU
		{A3820DD5-CBDA-42A8-A52F-E121C336E2C7}.Release|Any CPU.ActiveCfg = Release|Any CPU
		{A3820DD5-CBDA-42A8-A52F-E121C336E2C7}.Release|Any CPU.Build.0 = Release|Any CPU
		{A3820DD5-CBDA-42A8-A52F-E121C336E2C7}.Release|Any CPU.Deploy.0 = Release|Any CPU
	EndGlobalSection
	GlobalSection(SolutionProperties) = preSolution
		HideSolutionNode = FALSE
	EndGlobalSection
	GlobalSection(ExtensibilityGlobals) = postSolution
		SolutionGuid = {5E0BFDEE-B420-4F85-B0BD-1CC5E678AEFE}
	EndGlobalSection
EndGlobal
